
Microsoft Visual Studio Solution File, Format Version 12.00
# Visual Studio 15
VisualStudioVersion = 15.0.27428.2037
MinimumVisualStudioVersion = 10.0.40219.1
Project("{FAE04EC0-301F-11D3-BF4B-00C04F79EFBC}") = "FarmersChoice", "FarmersChoice\FarmersChoice.csproj", "{A93B8DE7-6589-46E8-902C-CB2A5144EBAD}"
EndProject
Global
	GlobalSection(SolutionConfigurationPlatforms) = preSolution
		Debug|Any CPU = Debug|Any CPU
		Release|Any CPU = Release|Any CPU
	EndGlobalSection
	GlobalSection(ProjectConfigurationPlatforms) = postSolution
		{A93B8DE7-6589-46E8-902C-CB2A5144EBAD}.Debug|Any CPU.ActiveCfg = Debug|Any CPU
		{A93B8DE7-6589-46E8-902C-CB2A5144EBAD}.Debug|Any CPU.Build.0 = Debug|Any CPU
		{A93B8DE7-6589-46E8-902C-CB2A5144EBAD}.Release|Any CPU.ActiveCfg = Release|Any CPU
		{A93B8DE7-6589-46E8-902C-CB2A5144EBAD}.Release|Any CPU.Build.0 = Release|Any CPU
	EndGlobalSection
	GlobalSection(SolutionProperties) = preSolution
		HideSolutionNode = FALSE
	EndGlobalSection
	GlobalSection(ExtensibilityGlobals) = postSolution
		SolutionGuid = {6A18D3F2-1C6F-4D8A-B424-568D5EB87183}
	EndGlobalSection
EndGlobal
